{
    "_readme": [
        "This file locks the dependencies of your project to a known state",
        "Read more about it at https://getcomposer.org/doc/01-basic-usage.md#composer-lock-the-lock-file",
        "This file is @generated automatically"
    ],
    "hash": "4a41a93804c266ef030340adb0249b13",
    "content-hash": "6bdd5ec4498c52f5b58e68c88d6d73ec",
    "packages": [
        {
            "name": "php-on-couch/php-on-couch",
            "version": "2.0.2",
            "source": {
                "type": "git",
                "url": "https://github.com/PHP-on-Couch/PHP-on-Couch.git",
                "reference": "34a5d66d44c453b53148a29c8f7fc39616bf1c10"
            },
            "dist": {
                "type": "zip",
                "url": "https://api.github.com/repos/PHP-on-Couch/PHP-on-Couch/zipball/34a5d66d44c453b53148a29c8f7fc39616bf1c10",
                "reference": "34a5d66d44c453b53148a29c8f7fc39616bf1c10",
                "shasum": ""
            },
            "require": {
                "php": ">=5.2.0"
            },
            "require-dev": {
                "phpcheckstyle/phpcheckstyle": "*",
                "phpunit/phpunit": "5.5.*",
                "satooshi/php-coveralls": "*"
            },
            "type": "library",
            "autoload": {
                "psr-4": {
                    "PHPOnCouch\\": "src/",
                    "PHPOnCouch\\Exceptions\\": "src/Exceptions/",
                    "PHPOnCouch\\Adapter\\": "src/Adapter/"
                }
            },
            "notification-url": "https://packagist.org/downloads/",
            "license": [
                "GPLv3"
            ],
            "authors": [
                {
                    "name": "Michael Bailly",
                    "email": "mickael.bailly@free.fr",
                    "homepage": "https://github.com/dready92/",
                    "role": "Developer"
                },
                {
                    "name": "Clemens Sahs",
                    "email": "clemens.sahs@slides-worker.org",
                    "homepage": "https://github.com/ClemensSahs",
                    "role": "Developer"
                },
                {
                    "name": "Alexis Côté",
                    "email": "alexiscote19@hotmail.com",
                    "homepage": "https://popojargo.github.io/",
                    "role": "Developer"
                }
            ],
            "description": "CouchDB NoSQL database access in PHP",
            "homepage": "https://github.com/PHP-on-Couch/PHP-on-Couch",
            "keywords": [
                "apache",
                "couch",
                "couchdb",
                "db",
                "driver",
                "nosql"
            ],
            "time": "2017-03-19 18:45:37"
        }
    ],
    "packages-dev": [],
    "aliases": [],
    "minimum-stability": "stable",
    "stability-flags": [],
    "prefer-stable": false,
    "prefer-lowest": false,
    "platform": [],
    "platform-dev": []
}
